// !$*UTF8*$!
{
	archiveVersion = 1;
	classes = {
	};
	objectVersion = 51;
	objects = {

/* Begin PBXBuildFile section */
		20F997F125FC76AA00D63DD5 /* BoardIdentities.swift in Sources */ = {isa = PBXBuildFile; fileRef = 20F997F025FC76AA00D63DD5 /* BoardIdentities.swift */; };
		20F997F525FC76CE00D63DD5 /* BoardProducer.swift in Sources */ = {isa = PBXBuildFile; fileRef = 20F997F425FC76CE00D63DD5 /* BoardProducer.swift */; };
		20F9980B25FCA95B00D63DD5 /* RootBoard.swift in Sources */ = {isa = PBXBuildFile; fileRef = 20F9980A25FCA95B00D63DD5 /* RootBoard.swift */; };
		20F9980F25FD092900D63DD5 /* LoginBoard.swift in Sources */ = {isa = PBXBuildFile; fileRef = 20F9980E25FD092900D63DD5 /* LoginBoard.swift */; };
		20F9981625FD093300D63DD5 /* LoginBuilder.swift in Sources */ = {isa = PBXBuildFile; fileRef = 20F9981125FD093300D63DD5 /* LoginBuilder.swift */; };
		20F9981725FD093300D63DD5 /* LoginViewController.storyboard in Resources */ = {isa = PBXBuildFile; fileRef = 20F9981225FD093300D63DD5 /* LoginViewController.storyboard */; };
		20F9981825FD093300D63DD5 /* LoginViewController.swift in Sources */ = {isa = PBXBuildFile; fileRef = 20F9981325FD093300D63DD5 /* LoginViewController.swift */; };
		20F9981925FD093300D63DD5 /* LoginViewState.swift in Sources */ = {isa = PBXBuildFile; fileRef = 20F9981425FD093300D63DD5 /* LoginViewState.swift */; };
		20F9981A25FD093300D63DD5 /* LoginProtocols.swift in Sources */ = {isa = PBXBuildFile; fileRef = 20F9981525FD093300D63DD5 /* LoginProtocols.swift */; };
		20F9982525FD0DBA00D63DD5 /* RegisterBoard.swift in Sources */ = {isa = PBXBuildFile; fileRef = 20F9982425FD0DBA00D63DD5 /* RegisterBoard.swift */; };
		20F9982C25FD0DCD00D63DD5 /* RegisterBuilder.swift in Sources */ = {isa = PBXBuildFile; fileRef = 20F9982725FD0DCD00D63DD5 /* RegisterBuilder.swift */; };
		20F9982D25FD0DCD00D63DD5 /* RegisterViewController.storyboard in Resources */ = {isa = PBXBuildFile; fileRef = 20F9982825FD0DCD00D63DD5 /* RegisterViewController.storyboard */; };
		20F9982E25FD0DCD00D63DD5 /* RegisterViewController.swift in Sources */ = {isa = PBXBuildFile; fileRef = 20F9982925FD0DCD00D63DD5 /* RegisterViewController.swift */; };
		20F9982F25FD0DCD00D63DD5 /* RegisterViewState.swift in Sources */ = {isa = PBXBuildFile; fileRef = 20F9982A25FD0DCD00D63DD5 /* RegisterViewState.swift */; };
		20F9983025FD0DCD00D63DD5 /* RegisterProtocols.swift in Sources */ = {isa = PBXBuildFile; fileRef = 20F9982B25FD0DCD00D63DD5 /* RegisterProtocols.swift */; };
		20F9983425FD103300D63DD5 /* HomeBoard.swift in Sources */ = {isa = PBXBuildFile; fileRef = 20F9983325FD103300D63DD5 /* HomeBoard.swift */; };
		20F9983B25FD104700D63DD5 /* HomeBuilder.swift in Sources */ = {isa = PBXBuildFile; fileRef = 20F9983625FD104700D63DD5 /* HomeBuilder.swift */; };
		20F9983C25FD104700D63DD5 /* HomeViewController.storyboard in Resources */ = {isa = PBXBuildFile; fileRef = 20F9983725FD104700D63DD5 /* HomeViewController.storyboard */; };
		20F9983D25FD104700D63DD5 /* HomeViewController.swift in Sources */ = {isa = PBXBuildFile; fileRef = 20F9983825FD104700D63DD5 /* HomeViewController.swift */; };
		20F9983E25FD104700D63DD5 /* HomeViewState.swift in Sources */ = {isa = PBXBuildFile; fileRef = 20F9983925FD104700D63DD5 /* HomeViewState.swift */; };
		20F9983F25FD104700D63DD5 /* HomeProtocols.swift in Sources */ = {isa = PBXBuildFile; fileRef = 20F9983A25FD104700D63DD5 /* HomeProtocols.swift */; };
		20F9984B2601B9E500D63DD5 /* AuthenticationBoard.swift in Sources */ = {isa = PBXBuildFile; fileRef = 20F9984A2601B9E500D63DD5 /* AuthenticationBoard.swift */; };
		20F998502601C20200D63DD5 /* AuthenticatationService.swift in Sources */ = {isa = PBXBuildFile; fileRef = 20F9984F2601C20200D63DD5 /* AuthenticatationService.swift */; };
		20F998552601C26000D63DD5 /* AuthRequiredBoard.swift in Sources */ = {isa = PBXBuildFile; fileRef = 20F998542601C26000D63DD5 /* AuthRequiredBoard.swift */; };
		20F998592601C75000D63DD5 /* ServiceRegistry.swift in Sources */ = {isa = PBXBuildFile; fileRef = 20F998582601C75000D63DD5 /* ServiceRegistry.swift */; };
		20F998772601ECA000D63DD5 /* GitHubSearchService.swift in Sources */ = {isa = PBXBuildFile; fileRef = 20F998762601ECA000D63DD5 /* GitHubSearchService.swift */; };
		20F998922601F0E400D63DD5 /* WebBuilder.swift in Sources */ = {isa = PBXBuildFile; fileRef = 20F9988C2601F0E400D63DD5 /* WebBuilder.swift */; };
		20F998932601F0E400D63DD5 /* WebViewController.storyboard in Resources */ = {isa = PBXBuildFile; fileRef = 20F9988D2601F0E400D63DD5 /* WebViewController.storyboard */; };
		20F998942601F0E400D63DD5 /* WebViewController.swift in Sources */ = {isa = PBXBuildFile; fileRef = 20F9988E2601F0E400D63DD5 /* WebViewController.swift */; };
		20F998952601F0E400D63DD5 /* WebViewState.swift in Sources */ = {isa = PBXBuildFile; fileRef = 20F9988F2601F0E400D63DD5 /* WebViewState.swift */; };
		20F998962601F0E400D63DD5 /* WebBoard.swift in Sources */ = {isa = PBXBuildFile; fileRef = 20F998902601F0E400D63DD5 /* WebBoard.swift */; };
		20F998972601F0E400D63DD5 /* WebProtocols.swift in Sources */ = {isa = PBXBuildFile; fileRef = 20F998912601F0E400D63DD5 /* WebProtocols.swift */; };
		20F998A02601F1B900D63DD5 /* GitHubSearchBuilder.swift in Sources */ = {isa = PBXBuildFile; fileRef = 20F9989A2601F1B900D63DD5 /* GitHubSearchBuilder.swift */; };
		20F998A12601F1B900D63DD5 /* GitHubSearchViewController.storyboard in Resources */ = {isa = PBXBuildFile; fileRef = 20F9989B2601F1B900D63DD5 /* GitHubSearchViewController.storyboard */; };
		20F998A22601F1B900D63DD5 /* GitHubSearchViewController.swift in Sources */ = {isa = PBXBuildFile; fileRef = 20F9989C2601F1B900D63DD5 /* GitHubSearchViewController.swift */; };
		20F998A32601F1B900D63DD5 /* GitHubSearchViewState.swift in Sources */ = {isa = PBXBuildFile; fileRef = 20F9989D2601F1B900D63DD5 /* GitHubSearchViewState.swift */; };
		20F998A42601F1B900D63DD5 /* GitHubSearchBoard.swift in Sources */ = {isa = PBXBuildFile; fileRef = 20F9989E2601F1B900D63DD5 /* GitHubSearchBoard.swift */; };
		20F998A52601F1B900D63DD5 /* GitHubSearchProtocols.swift in Sources */ = {isa = PBXBuildFile; fileRef = 20F9989F2601F1B900D63DD5 /* GitHubSearchProtocols.swift */; };
		20F998B22601F99100D63DD5 /* Models.swift in Sources */ = {isa = PBXBuildFile; fileRef = 20F998B12601F99100D63DD5 /* Models.swift */; };
		272C03C525F5C32800BDE77C /* AppDelegate.swift in Sources */ = {isa = PBXBuildFile; fileRef = 272C03C425F5C32800BDE77C /* AppDelegate.swift */; };
		272C03C925F5C32800BDE77C /* ViewController.swift in Sources */ = {isa = PBXBuildFile; fileRef = 272C03C825F5C32800BDE77C /* ViewController.swift */; };
		272C03CC25F5C32800BDE77C /* Main.storyboard in Resources */ = {isa = PBXBuildFile; fileRef = 272C03CA25F5C32800BDE77C /* Main.storyboard */; };
		272C03CE25F5C32900BDE77C /* Assets.xcassets in Resources */ = {isa = PBXBuildFile; fileRef = 272C03CD25F5C32900BDE77C /* Assets.xcassets */; };
		272C03D125F5C32900BDE77C /* LaunchScreen.storyboard in Resources */ = {isa = PBXBuildFile; fileRef = 272C03CF25F5C32900BDE77C /* LaunchScreen.storyboard */; };
		534BE971B6D57BC7D3F28032 /* Pods_HelloBoardy.framework in Frameworks */ = {isa = PBXBuildFile; fileRef = 4999C192A3DD1068958FCF08 /* Pods_HelloBoardy.framework */; };
/* End PBXBuildFile section */

/* Begin PBXFileReference section */
		137EFF4E5620C5E4BCA2300D /* Pods-HelloBoardy.debug.xcconfig */ = {isa = PBXFileReference; includeInIndex = 1; lastKnownFileType = text.xcconfig; name = "Pods-HelloBoardy.debug.xcconfig"; path = "Target Support Files/Pods-HelloBoardy/Pods-HelloBoardy.debug.xcconfig"; sourceTree = "<group>"; };
		20F997F025FC76AA00D63DD5 /* BoardIdentities.swift */ = {isa = PBXFileReference; lastKnownFileType = sourcecode.swift; path = BoardIdentities.swift; sourceTree = "<group>"; };
		20F997F425FC76CE00D63DD5 /* BoardProducer.swift */ = {isa = PBXFileReference; lastKnownFileType = sourcecode.swift; path = BoardProducer.swift; sourceTree = "<group>"; };
		20F9980A25FCA95B00D63DD5 /* RootBoard.swift */ = {isa = PBXFileReference; lastKnownFileType = sourcecode.swift; path = RootBoard.swift; sourceTree = "<group>"; };
		20F9980E25FD092900D63DD5 /* LoginBoard.swift */ = {isa = PBXFileReference; lastKnownFileType = sourcecode.swift; path = LoginBoard.swift; sourceTree = "<group>"; };
		20F9981125FD093300D63DD5 /* LoginBuilder.swift */ = {isa = PBXFileReference; lastKnownFileType = sourcecode.swift; path = LoginBuilder.swift; sourceTree = "<group>"; };
		20F9981225FD093300D63DD5 /* LoginViewController.storyboard */ = {isa = PBXFileReference; lastKnownFileType = file.storyboard; path = LoginViewController.storyboard; sourceTree = "<group>"; };
		20F9981325FD093300D63DD5 /* LoginViewController.swift */ = {isa = PBXFileReference; lastKnownFileType = sourcecode.swift; path = LoginViewController.swift; sourceTree = "<group>"; };
		20F9981425FD093300D63DD5 /* LoginViewState.swift */ = {isa = PBXFileReference; lastKnownFileType = sourcecode.swift; path = LoginViewState.swift; sourceTree = "<group>"; };
		20F9981525FD093300D63DD5 /* LoginProtocols.swift */ = {isa = PBXFileReference; lastKnownFileType = sourcecode.swift; path = LoginProtocols.swift; sourceTree = "<group>"; };
		20F9982425FD0DBA00D63DD5 /* RegisterBoard.swift */ = {isa = PBXFileReference; lastKnownFileType = sourcecode.swift; path = RegisterBoard.swift; sourceTree = "<group>"; };
		20F9982725FD0DCD00D63DD5 /* RegisterBuilder.swift */ = {isa = PBXFileReference; lastKnownFileType = sourcecode.swift; path = RegisterBuilder.swift; sourceTree = "<group>"; };
		20F9982825FD0DCD00D63DD5 /* RegisterViewController.storyboard */ = {isa = PBXFileReference; lastKnownFileType = file.storyboard; path = RegisterViewController.storyboard; sourceTree = "<group>"; };
		20F9982925FD0DCD00D63DD5 /* RegisterViewController.swift */ = {isa = PBXFileReference; lastKnownFileType = sourcecode.swift; path = RegisterViewController.swift; sourceTree = "<group>"; };
		20F9982A25FD0DCD00D63DD5 /* RegisterViewState.swift */ = {isa = PBXFileReference; lastKnownFileType = sourcecode.swift; path = RegisterViewState.swift; sourceTree = "<group>"; };
		20F9982B25FD0DCD00D63DD5 /* RegisterProtocols.swift */ = {isa = PBXFileReference; lastKnownFileType = sourcecode.swift; path = RegisterProtocols.swift; sourceTree = "<group>"; };
		20F9983325FD103300D63DD5 /* HomeBoard.swift */ = {isa = PBXFileReference; lastKnownFileType = sourcecode.swift; path = HomeBoard.swift; sourceTree = "<group>"; };
		20F9983625FD104700D63DD5 /* HomeBuilder.swift */ = {isa = PBXFileReference; lastKnownFileType = sourcecode.swift; path = HomeBuilder.swift; sourceTree = "<group>"; };
		20F9983725FD104700D63DD5 /* HomeViewController.storyboard */ = {isa = PBXFileReference; lastKnownFileType = file.storyboard; path = HomeViewController.storyboard; sourceTree = "<group>"; };
		20F9983825FD104700D63DD5 /* HomeViewController.swift */ = {isa = PBXFileReference; lastKnownFileType = sourcecode.swift; path = HomeViewController.swift; sourceTree = "<group>"; };
		20F9983925FD104700D63DD5 /* HomeViewState.swift */ = {isa = PBXFileReference; lastKnownFileType = sourcecode.swift; path = HomeViewState.swift; sourceTree = "<group>"; };
		20F9983A25FD104700D63DD5 /* HomeProtocols.swift */ = {isa = PBXFileReference; lastKnownFileType = sourcecode.swift; path = HomeProtocols.swift; sourceTree = "<group>"; };
		20F9984A2601B9E500D63DD5 /* AuthenticationBoard.swift */ = {isa = PBXFileReference; lastKnownFileType = sourcecode.swift; path = AuthenticationBoard.swift; sourceTree = "<group>"; };
		20F9984F2601C20200D63DD5 /* AuthenticatationService.swift */ = {isa = PBXFileReference; lastKnownFileType = sourcecode.swift; path = AuthenticatationService.swift; sourceTree = "<group>"; };
		20F998542601C26000D63DD5 /* AuthRequiredBoard.swift */ = {isa = PBXFileReference; lastKnownFileType = sourcecode.swift; path = AuthRequiredBoard.swift; sourceTree = "<group>"; };
		20F998582601C75000D63DD5 /* ServiceRegistry.swift */ = {isa = PBXFileReference; lastKnownFileType = sourcecode.swift; path = ServiceRegistry.swift; sourceTree = "<group>"; };
		20F998762601ECA000D63DD5 /* GitHubSearchService.swift */ = {isa = PBXFileReference; lastKnownFileType = sourcecode.swift; path = GitHubSearchService.swift; sourceTree = "<group>"; };
		20F9988C2601F0E400D63DD5 /* WebBuilder.swift */ = {isa = PBXFileReference; lastKnownFileType = sourcecode.swift; path = WebBuilder.swift; sourceTree = "<group>"; };
		20F9988D2601F0E400D63DD5 /* WebViewController.storyboard */ = {isa = PBXFileReference; lastKnownFileType = file.storyboard; path = WebViewController.storyboard; sourceTree = "<group>"; };
		20F9988E2601F0E400D63DD5 /* WebViewController.swift */ = {isa = PBXFileReference; lastKnownFileType = sourcecode.swift; path = WebViewController.swift; sourceTree = "<group>"; };
		20F9988F2601F0E400D63DD5 /* WebViewState.swift */ = {isa = PBXFileReference; lastKnownFileType = sourcecode.swift; path = WebViewState.swift; sourceTree = "<group>"; };
		20F998902601F0E400D63DD5 /* WebBoard.swift */ = {isa = PBXFileReference; lastKnownFileType = sourcecode.swift; path = WebBoard.swift; sourceTree = "<group>"; };
		20F998912601F0E400D63DD5 /* WebProtocols.swift */ = {isa = PBXFileReference; lastKnownFileType = sourcecode.swift; path = WebProtocols.swift; sourceTree = "<group>"; };
		20F9989A2601F1B900D63DD5 /* GitHubSearchBuilder.swift */ = {isa = PBXFileReference; lastKnownFileType = sourcecode.swift; path = GitHubSearchBuilder.swift; sourceTree = "<group>"; };
		20F9989B2601F1B900D63DD5 /* GitHubSearchViewController.storyboard */ = {isa = PBXFileReference; lastKnownFileType = file.storyboard; path = GitHubSearchViewController.storyboard; sourceTree = "<group>"; };
		20F9989C2601F1B900D63DD5 /* GitHubSearchViewController.swift */ = {isa = PBXFileReference; lastKnownFileType = sourcecode.swift; path = GitHubSearchViewController.swift; sourceTree = "<group>"; };
		20F9989D2601F1B900D63DD5 /* GitHubSearchViewState.swift */ = {isa = PBXFileReference; lastKnownFileType = sourcecode.swift; path = GitHubSearchViewState.swift; sourceTree = "<group>"; };
		20F9989E2601F1B900D63DD5 /* GitHubSearchBoard.swift */ = {isa = PBXFileReference; lastKnownFileType = sourcecode.swift; path = GitHubSearchBoard.swift; sourceTree = "<group>"; };
		20F9989F2601F1B900D63DD5 /* GitHubSearchProtocols.swift */ = {isa = PBXFileReference; lastKnownFileType = sourcecode.swift; path = GitHubSearchProtocols.swift; sourceTree = "<group>"; };
		20F998B12601F99100D63DD5 /* Models.swift */ = {isa = PBXFileReference; lastKnownFileType = sourcecode.swift; path = Models.swift; sourceTree = "<group>"; };
		272C03C125F5C32800BDE77C /* HelloBoardy.app */ = {isa = PBXFileReference; explicitFileType = wrapper.application; includeInIndex = 0; path = HelloBoardy.app; sourceTree = BUILT_PRODUCTS_DIR; };
		272C03C425F5C32800BDE77C /* AppDelegate.swift */ = {isa = PBXFileReference; lastKnownFileType = sourcecode.swift; path = AppDelegate.swift; sourceTree = "<group>"; };
		272C03C825F5C32800BDE77C /* ViewController.swift */ = {isa = PBXFileReference; lastKnownFileType = sourcecode.swift; path = ViewController.swift; sourceTree = "<group>"; };
		272C03CB25F5C32800BDE77C /* Base */ = {isa = PBXFileReference; lastKnownFileType = file.storyboard; name = Base; path = Base.lproj/Main.storyboard; sourceTree = "<group>"; };
		272C03CD25F5C32900BDE77C /* Assets.xcassets */ = {isa = PBXFileReference; lastKnownFileType = folder.assetcatalog; path = Assets.xcassets; sourceTree = "<group>"; };
		272C03D025F5C32900BDE77C /* Base */ = {isa = PBXFileReference; lastKnownFileType = file.storyboard; name = Base; path = Base.lproj/LaunchScreen.storyboard; sourceTree = "<group>"; };
		272C03D225F5C32900BDE77C /* Info.plist */ = {isa = PBXFileReference; lastKnownFileType = text.plist.xml; path = Info.plist; sourceTree = "<group>"; };
		4999C192A3DD1068958FCF08 /* Pods_HelloBoardy.framework */ = {isa = PBXFileReference; explicitFileType = wrapper.framework; includeInIndex = 0; path = Pods_HelloBoardy.framework; sourceTree = BUILT_PRODUCTS_DIR; };
		72D330BCC5CCAD4F0CF60095 /* Pods-HelloBoardy.release.xcconfig */ = {isa = PBXFileReference; includeInIndex = 1; lastKnownFileType = text.xcconfig; name = "Pods-HelloBoardy.release.xcconfig"; path = "Target Support Files/Pods-HelloBoardy/Pods-HelloBoardy.release.xcconfig"; sourceTree = "<group>"; };
/* End PBXFileReference section */

/* Begin PBXFrameworksBuildPhase section */
		272C03BE25F5C32800BDE77C /* Frameworks */ = {
			isa = PBXFrameworksBuildPhase;
			buildActionMask = 2147483647;
			files = (
				534BE971B6D57BC7D3F28032 /* Pods_HelloBoardy.framework in Frameworks */,
			);
			runOnlyForDeploymentPostprocessing = 0;
		};
/* End PBXFrameworksBuildPhase section */

/* Begin PBXGroup section */
		20F997ED25FC764E00D63DD5 /* Microsystems */ = {
			isa = PBXGroup;
			children = (
				20F9987E2601EF9F00D63DD5 /* Web */,
				20F9987D2601EF8300D63DD5 /* GitHubSearch */,
				20F998532601C24A00D63DD5 /* AuthRequiredBoard */,
				20F998492601B9D200D63DD5 /* Authentication */,
				20F9980925FCA94A00D63DD5 /* Root */,
				20F997F925FC770100D63DD5 /* Home */,
				20F997F825FC76E400D63DD5 /* Register */,
				20F997F725FC76DC00D63DD5 /* Login */,
			);
			path = Microsystems;
			sourceTree = "<group>";
		};
		20F997EE25FC765A00D63DD5 /* Factories */ = {
			isa = PBXGroup;
			children = (
				20F997F425FC76CE00D63DD5 /* BoardProducer.swift */,
				20F998582601C75000D63DD5 /* ServiceRegistry.swift */,
			);
			path = Factories;
			sourceTree = "<group>";
		};
		20F997EF25FC766100D63DD5 /* Definitions */ = {
			isa = PBXGroup;
			children = (
				20F997F025FC76AA00D63DD5 /* BoardIdentities.swift */,
				20F998B12601F99100D63DD5 /* Models.swift */,
			);
			path = Definitions;
			sourceTree = "<group>";
		};
		20F997F725FC76DC00D63DD5 /* Login */ = {
			isa = PBXGroup;
			children = (
				20F9980E25FD092900D63DD5 /* LoginBoard.swift */,
				20F9981125FD093300D63DD5 /* LoginBuilder.swift */,
				20F9981525FD093300D63DD5 /* LoginProtocols.swift */,
				20F9981225FD093300D63DD5 /* LoginViewController.storyboard */,
				20F9981325FD093300D63DD5 /* LoginViewController.swift */,
				20F9981425FD093300D63DD5 /* LoginViewState.swift */,
			);
			path = Login;
			sourceTree = "<group>";
		};
		20F997F825FC76E400D63DD5 /* Register */ = {
			isa = PBXGroup;
			children = (
				20F9982425FD0DBA00D63DD5 /* RegisterBoard.swift */,
				20F9982725FD0DCD00D63DD5 /* RegisterBuilder.swift */,
				20F9982B25FD0DCD00D63DD5 /* RegisterProtocols.swift */,
				20F9982825FD0DCD00D63DD5 /* RegisterViewController.storyboard */,
				20F9982925FD0DCD00D63DD5 /* RegisterViewController.swift */,
				20F9982A25FD0DCD00D63DD5 /* RegisterViewState.swift */,
			);
			path = Register;
			sourceTree = "<group>";
		};
		20F997F925FC770100D63DD5 /* Home */ = {
			isa = PBXGroup;
			children = (
				20F9983325FD103300D63DD5 /* HomeBoard.swift */,
				20F9983625FD104700D63DD5 /* HomeBuilder.swift */,
				20F9983A25FD104700D63DD5 /* HomeProtocols.swift */,
				20F9983725FD104700D63DD5 /* HomeViewController.storyboard */,
				20F9983825FD104700D63DD5 /* HomeViewController.swift */,
				20F9983925FD104700D63DD5 /* HomeViewState.swift */,
			);
			path = Home;
			sourceTree = "<group>";
		};
		20F9980925FCA94A00D63DD5 /* Root */ = {
			isa = PBXGroup;
			children = (
				20F9980A25FCA95B00D63DD5 /* RootBoard.swift */,
			);
			path = Root;
			sourceTree = "<group>";
		};
		20F998492601B9D200D63DD5 /* Authentication */ = {
			isa = PBXGroup;
			children = (
				20F9984A2601B9E500D63DD5 /* AuthenticationBoard.swift */,
			);
			path = Authentication;
			sourceTree = "<group>";
		};
		20F9984E2601C1F000D63DD5 /* Services */ = {
			isa = PBXGroup;
			children = (
				20F9984F2601C20200D63DD5 /* AuthenticatationService.swift */,
				20F998762601ECA000D63DD5 /* GitHubSearchService.swift */,
			);
			path = Services;
			sourceTree = "<group>";
		};
		20F998532601C24A00D63DD5 /* AuthRequiredBoard */ = {
			isa = PBXGroup;
			children = (
				20F998542601C26000D63DD5 /* AuthRequiredBoard.swift */,
			);
			path = AuthRequiredBoard;
			sourceTree = "<group>";
		};
		20F9987D2601EF8300D63DD5 /* GitHubSearch */ = {
			isa = PBXGroup;
			children = (
				20F9989E2601F1B900D63DD5 /* GitHubSearchBoard.swift */,
				20F9989A2601F1B900D63DD5 /* GitHubSearchBuilder.swift */,
				20F9989F2601F1B900D63DD5 /* GitHubSearchProtocols.swift */,
				20F9989B2601F1B900D63DD5 /* GitHubSearchViewController.storyboard */,
				20F9989C2601F1B900D63DD5 /* GitHubSearchViewController.swift */,
				20F9989D2601F1B900D63DD5 /* GitHubSearchViewState.swift */,
			);
			path = GitHubSearch;
			sourceTree = "<group>";
		};
		20F9987E2601EF9F00D63DD5 /* Web */ = {
			isa = PBXGroup;
			children = (
				20F998902601F0E400D63DD5 /* WebBoard.swift */,
				20F9988C2601F0E400D63DD5 /* WebBuilder.swift */,
				20F998912601F0E400D63DD5 /* WebProtocols.swift */,
				20F9988D2601F0E400D63DD5 /* WebViewController.storyboard */,
				20F9988E2601F0E400D63DD5 /* WebViewController.swift */,
				20F9988F2601F0E400D63DD5 /* WebViewState.swift */,
			);
			path = Web;
			sourceTree = "<group>";
		};
		272C03B825F5C32800BDE77C = {
			isa = PBXGroup;
			children = (
				272C03C325F5C32800BDE77C /* HelloBoardy */,
				272C03C225F5C32800BDE77C /* Products */,
				6D88754D32831DABC971BB74 /* Pods */,
				A00D0DE576BF7EEC164EEC74 /* Frameworks */,
			);
			sourceTree = "<group>";
		};
		272C03C225F5C32800BDE77C /* Products */ = {
			isa = PBXGroup;
			children = (
				272C03C125F5C32800BDE77C /* HelloBoardy.app */,
			);
			name = Products;
			sourceTree = "<group>";
		};
		272C03C325F5C32800BDE77C /* HelloBoardy */ = {
			isa = PBXGroup;
			children = (
				20F9984E2601C1F000D63DD5 /* Services */,
				20F997EF25FC766100D63DD5 /* Definitions */,
				20F997EE25FC765A00D63DD5 /* Factories */,
				20F997ED25FC764E00D63DD5 /* Microsystems */,
				272C03C425F5C32800BDE77C /* AppDelegate.swift */,
				272C03C825F5C32800BDE77C /* ViewController.swift */,
				272C03CA25F5C32800BDE77C /* Main.storyboard */,
				272C03CD25F5C32900BDE77C /* Assets.xcassets */,
				272C03CF25F5C32900BDE77C /* LaunchScreen.storyboard */,
				272C03D225F5C32900BDE77C /* Info.plist */,
			);
			path = HelloBoardy;
			sourceTree = "<group>";
		};
		6D88754D32831DABC971BB74 /* Pods */ = {
			isa = PBXGroup;
			children = (
				137EFF4E5620C5E4BCA2300D /* Pods-HelloBoardy.debug.xcconfig */,
				72D330BCC5CCAD4F0CF60095 /* Pods-HelloBoardy.release.xcconfig */,
			);
			path = Pods;
			sourceTree = "<group>";
		};
		A00D0DE576BF7EEC164EEC74 /* Frameworks */ = {
			isa = PBXGroup;
			children = (
				4999C192A3DD1068958FCF08 /* Pods_HelloBoardy.framework */,
			);
			name = Frameworks;
			sourceTree = "<group>";
		};
/* End PBXGroup section */

/* Begin PBXNativeTarget section */
		272C03C025F5C32800BDE77C /* HelloBoardy */ = {
			isa = PBXNativeTarget;
			buildConfigurationList = 272C03D525F5C32900BDE77C /* Build configuration list for PBXNativeTarget "HelloBoardy" */;
			buildPhases = (
				F34D0C2800682264EF4F495F /* [CP] Check Pods Manifest.lock */,
				272C03BD25F5C32800BDE77C /* Sources */,
				272C03BE25F5C32800BDE77C /* Frameworks */,
				272C03BF25F5C32800BDE77C /* Resources */,
				63AC2E1B2A648E8088D20890 /* [CP] Embed Pods Frameworks */,
			);
			buildRules = (
			);
			dependencies = (
			);
			name = HelloBoardy;
			productName = HelloBoardy;
			productReference = 272C03C125F5C32800BDE77C /* HelloBoardy.app */;
			productType = "com.apple.product-type.application";
		};
/* End PBXNativeTarget section */

/* Begin PBXProject section */
		272C03B925F5C32800BDE77C /* Project object */ = {
			isa = PBXProject;
			attributes = {
				LastSwiftUpdateCheck = 1240;
				LastUpgradeCheck = 1240;
				TargetAttributes = {
					272C03C025F5C32800BDE77C = {
						CreatedOnToolsVersion = 12.4;
					};
				};
			};
			buildConfigurationList = 272C03BC25F5C32800BDE77C /* Build configuration list for PBXProject "HelloBoardy" */;
			compatibilityVersion = "Xcode 9.3";
			developmentRegion = en;
			hasScannedForEncodings = 0;
			knownRegions = (
				en,
				Base,
			);
			mainGroup = 272C03B825F5C32800BDE77C;
			productRefGroup = 272C03C225F5C32800BDE77C /* Products */;
			projectDirPath = "";
			projectRoot = "";
			targets = (
				272C03C025F5C32800BDE77C /* HelloBoardy */,
			);
		};
/* End PBXProject section */

/* Begin PBXResourcesBuildPhase section */
		272C03BF25F5C32800BDE77C /* Resources */ = {
			isa = PBXResourcesBuildPhase;
			buildActionMask = 2147483647;
			files = (
				272C03D125F5C32900BDE77C /* LaunchScreen.storyboard in Resources */,
				20F9981725FD093300D63DD5 /* LoginViewController.storyboard in Resources */,
				20F9983C25FD104700D63DD5 /* HomeViewController.storyboard in Resources */,
				20F9982D25FD0DCD00D63DD5 /* RegisterViewController.storyboard in Resources */,
				20F998A12601F1B900D63DD5 /* GitHubSearchViewController.storyboard in Resources */,
				272C03CE25F5C32900BDE77C /* Assets.xcassets in Resources */,
				20F998932601F0E400D63DD5 /* WebViewController.storyboard in Resources */,
				272C03CC25F5C32800BDE77C /* Main.storyboard in Resources */,
			);
			runOnlyForDeploymentPostprocessing = 0;
		};
/* End PBXResourcesBuildPhase section */

/* Begin PBXShellScriptBuildPhase section */
		63AC2E1B2A648E8088D20890 /* [CP] Embed Pods Frameworks */ = {
			isa = PBXShellScriptBuildPhase;
			buildActionMask = 2147483647;
			files = (
			);
			inputFileListPaths = (
				"${PODS_ROOT}/Target Support Files/Pods-HelloBoardy/Pods-HelloBoardy-frameworks-${CONFIGURATION}-input-files.xcfilelist",
			);
			name = "[CP] Embed Pods Frameworks";
			outputFileListPaths = (
				"${PODS_ROOT}/Target Support Files/Pods-HelloBoardy/Pods-HelloBoardy-frameworks-${CONFIGURATION}-output-files.xcfilelist",
			);
			runOnlyForDeploymentPostprocessing = 0;
			shellPath = /bin/sh;
			shellScript = "\"${PODS_ROOT}/Target Support Files/Pods-HelloBoardy/Pods-HelloBoardy-frameworks.sh\"\n";
			showEnvVarsInLog = 0;
		};
		F34D0C2800682264EF4F495F /* [CP] Check Pods Manifest.lock */ = {
			isa = PBXShellScriptBuildPhase;
			buildActionMask = 2147483647;
			files = (
			);
			inputFileListPaths = (
			);
			inputPaths = (
				"${PODS_PODFILE_DIR_PATH}/Podfile.lock",
				"${PODS_ROOT}/Manifest.lock",
			);
			name = "[CP] Check Pods Manifest.lock";
			outputFileListPaths = (
			);
			outputPaths = (
				"$(DERIVED_FILE_DIR)/Pods-HelloBoardy-checkManifestLockResult.txt",
			);
			runOnlyForDeploymentPostprocessing = 0;
			shellPath = /bin/sh;
			shellScript = "diff \"${PODS_PODFILE_DIR_PATH}/Podfile.lock\" \"${PODS_ROOT}/Manifest.lock\" > /dev/null\nif [ $? != 0 ] ; then\n    # print error to STDERR\n    echo \"error: The sandbox is not in sync with the Podfile.lock. Run 'pod install' or update your CocoaPods installation.\" >&2\n    exit 1\nfi\n# This output is used by Xcode 'outputs' to avoid re-running this script phase.\necho \"SUCCESS\" > \"${SCRIPT_OUTPUT_FILE_0}\"\n";
			showEnvVarsInLog = 0;
		};
/* End PBXShellScriptBuildPhase section */

/* Begin PBXSourcesBuildPhase section */
		272C03BD25F5C32800BDE77C /* Sources */ = {
			isa = PBXSourcesBuildPhase;
			buildActionMask = 2147483647;
			files = (
				20F9983025FD0DCD00D63DD5 /* RegisterProtocols.swift in Sources */,
				20F998942601F0E400D63DD5 /* WebViewController.swift in Sources */,
				20F9980B25FCA95B00D63DD5 /* RootBoard.swift in Sources */,
				20F998962601F0E400D63DD5 /* WebBoard.swift in Sources */,
				20F998922601F0E400D63DD5 /* WebBuilder.swift in Sources */,
				20F998592601C75000D63DD5 /* ServiceRegistry.swift in Sources */,
				20F998A22601F1B900D63DD5 /* GitHubSearchViewController.swift in Sources */,
				20F9981A25FD093300D63DD5 /* LoginProtocols.swift in Sources */,
				272C03C925F5C32800BDE77C /* ViewController.swift in Sources */,
				20F998A52601F1B900D63DD5 /* GitHubSearchProtocols.swift in Sources */,
				20F9981625FD093300D63DD5 /* LoginBuilder.swift in Sources */,
				20F9983E25FD104700D63DD5 /* HomeViewState.swift in Sources */,
				20F9983D25FD104700D63DD5 /* HomeViewController.swift in Sources */,
				20F998552601C26000D63DD5 /* AuthRequiredBoard.swift in Sources */,
				20F997F125FC76AA00D63DD5 /* BoardIdentities.swift in Sources */,
				20F998772601ECA000D63DD5 /* GitHubSearchService.swift in Sources */,
				20F9981925FD093300D63DD5 /* LoginViewState.swift in Sources */,
				20F9981825FD093300D63DD5 /* LoginViewController.swift in Sources */,
				20F998A42601F1B900D63DD5 /* GitHubSearchBoard.swift in Sources */,
				20F998952601F0E400D63DD5 /* WebViewState.swift in Sources */,
				20F9982F25FD0DCD00D63DD5 /* RegisterViewState.swift in Sources */,
				20F998972601F0E400D63DD5 /* WebProtocols.swift in Sources */,
				20F997F525FC76CE00D63DD5 /* BoardProducer.swift in Sources */,
				20F9982C25FD0DCD00D63DD5 /* RegisterBuilder.swift in Sources */,
				20F9983425FD103300D63DD5 /* HomeBoard.swift in Sources */,
				20F9980F25FD092900D63DD5 /* LoginBoard.swift in Sources */,
				20F9982E25FD0DCD00D63DD5 /* RegisterViewController.swift in Sources */,
				20F998B22601F99100D63DD5 /* Models.swift in Sources */,
				20F9984B2601B9E500D63DD5 /* AuthenticationBoard.swift in Sources */,
				20F998A02601F1B900D63DD5 /* GitHubSearchBuilder.swift in Sources */,
				20F9983F25FD104700D63DD5 /* HomeProtocols.swift in Sources */,
				20F998A32601F1B900D63DD5 /* GitHubSearchViewState.swift in Sources */,
				20F998502601C20200D63DD5 /* AuthenticatationService.swift in Sources */,
				20F9982525FD0DBA00D63DD5 /* RegisterBoard.swift in Sources */,
				20F9983B25FD104700D63DD5 /* HomeBuilder.swift in Sources */,
				272C03C525F5C32800BDE77C /* AppDelegate.swift in Sources */,
			);
			runOnlyForDeploymentPostprocessing = 0;
		};
/* End PBXSourcesBuildPhase section */

/* Begin PBXVariantGroup section */
		272C03CA25F5C32800BDE77C /* Main.storyboard */ = {
			isa = PBXVariantGroup;
			children = (
				272C03CB25F5C32800BDE77C /* Base */,
			);
			name = Main.storyboard;
			sourceTree = "<group>";
		};
		272C03CF25F5C32900BDE77C /* LaunchScreen.storyboard */ = {
			isa = PBXVariantGroup;
			children = (
				272C03D025F5C32900BDE77C /* Base */,
			);
			name = LaunchScreen.storyboard;
			sourceTree = "<group>";
		};
/* End PBXVariantGroup section */

/* Begin XCBuildConfiguration section */
		272C03D325F5C32900BDE77C /* Debug */ = {
			isa = XCBuildConfiguration;
			buildSettings = {
				ALWAYS_SEARCH_USER_PATHS = NO;
				CLANG_ANALYZER_NONNULL = YES;
				CLANG_ANALYZER_NUMBER_OBJECT_CONVERSION = YES_AGGRESSIVE;
				CLANG_CXX_LANGUAGE_STANDARD = "gnu++14";
				CLANG_CXX_LIBRARY = "libc++";
				CLANG_ENABLE_MODULES = YES;
				CLANG_ENABLE_OBJC_ARC = YES;
				CLANG_ENABLE_OBJC_WEAK = YES;
				CLANG_WARN_BLOCK_CAPTURE_AUTORELEASING = YES;
				CLANG_WARN_BOOL_CONVERSION = YES;
				CLANG_WARN_COMMA = YES;
				CLANG_WARN_CONSTANT_CONVERSION = YES;
				CLANG_WARN_DEPRECATED_OBJC_IMPLEMENTATIONS = YES;
				CLANG_WARN_DIRECT_OBJC_ISA_USAGE = YES_ERROR;
				CLANG_WARN_DOCUMENTATION_COMMENTS = YES;
				CLANG_WARN_EMPTY_BODY = YES;
				CLANG_WARN_ENUM_CONVERSION = YES;
				CLANG_WARN_INFINITE_RECURSION = YES;
				CLANG_WARN_INT_CONVERSION = YES;
				CLANG_WARN_NON_LITERAL_NULL_CONVERSION = YES;
				CLANG_WARN_OBJC_IMPLICIT_RETAIN_SELF = YES;
				CLANG_WARN_OBJC_LITERAL_CONVERSION = YES;
				CLANG_WARN_OBJC_ROOT_CLASS = YES_ERROR;
				CLANG_WARN_QUOTED_INCLUDE_IN_FRAMEWORK_HEADER = YES;
				CLANG_WARN_RANGE_LOOP_ANALYSIS = YES;
				CLANG_WARN_STRICT_PROTOTYPES = YES;
				CLANG_WARN_SUSPICIOUS_MOVE = YES;
				CLANG_WARN_UNGUARDED_AVAILABILITY = YES_AGGRESSIVE;
				CLANG_WARN_UNREACHABLE_CODE = YES;
				CLANG_WARN__DUPLICATE_METHOD_MATCH = YES;
				COPY_PHASE_STRIP = NO;
				DEBUG_INFORMATION_FORMAT = dwarf;
				ENABLE_STRICT_OBJC_MSGSEND = YES;
				ENABLE_TESTABILITY = YES;
				GCC_C_LANGUAGE_STANDARD = gnu11;
				GCC_DYNAMIC_NO_PIC = NO;
				GCC_NO_COMMON_BLOCKS = YES;
				GCC_OPTIMIZATION_LEVEL = 0;
				GCC_PREPROCESSOR_DEFINITIONS = (
					"DEBUG=1",
					"$(inherited)",
				);
				GCC_WARN_64_TO_32_BIT_CONVERSION = YES;
				GCC_WARN_ABOUT_RETURN_TYPE = YES_ERROR;
				GCC_WARN_UNDECLARED_SELECTOR = YES;
				GCC_WARN_UNINITIALIZED_AUTOS = YES_AGGRESSIVE;
				GCC_WARN_UNUSED_FUNCTION = YES;
				GCC_WARN_UNUSED_VARIABLE = YES;
				IPHONEOS_DEPLOYMENT_TARGET = 14.4;
				MTL_ENABLE_DEBUG_INFO = INCLUDE_SOURCE;
				MTL_FAST_MATH = YES;
				ONLY_ACTIVE_ARCH = YES;
				SDKROOT = iphoneos;
				SWIFT_ACTIVE_COMPILATION_CONDITIONS = DEBUG;
				SWIFT_OPTIMIZATION_LEVEL = "-Onone";
			};
			name = Debug;
		};
		272C03D425F5C32900BDE77C /* Release */ = {
			isa = XCBuildConfiguration;
			buildSettings = {
				ALWAYS_SEARCH_USER_PATHS = NO;
				CLANG_ANALYZER_NONNULL = YES;
				CLANG_ANALYZER_NUMBER_OBJECT_CONVERSION = YES_AGGRESSIVE;
				CLANG_CXX_LANGUAGE_STANDARD = "gnu++14";
				CLANG_CXX_LIBRARY = "libc++";
				CLANG_ENABLE_MODULES = YES;
				CLANG_ENABLE_OBJC_ARC = YES;
				CLANG_ENABLE_OBJC_WEAK = YES;
				CLANG_WARN_BLOCK_CAPTURE_AUTORELEASING = YES;
				CLANG_WARN_BOOL_CONVERSION = YES;
				CLANG_WARN_COMMA = YES;
				CLANG_WARN_CONSTANT_CONVERSION = YES;
				CLANG_WARN_DEPRECATED_OBJC_IMPLEMENTATIONS = YES;
				CLANG_WARN_DIRECT_OBJC_ISA_USAGE = YES_ERROR;
				CLANG_WARN_DOCUMENTATION_COMMENTS = YES;
				CLANG_WARN_EMPTY_BODY = YES;
				CLANG_WARN_ENUM_CONVERSION = YES;
				CLANG_WARN_INFINITE_RECURSION = YES;
				CLANG_WARN_INT_CONVERSION = YES;
				CLANG_WARN_NON_LITERAL_NULL_CONVERSION = YES;
				CLANG_WARN_OBJC_IMPLICIT_RETAIN_SELF = YES;
				CLANG_WARN_OBJC_LITERAL_CONVERSION = YES;
				CLANG_WARN_OBJC_ROOT_CLASS = YES_ERROR;
				CLANG_WARN_QUOTED_INCLUDE_IN_FRAMEWORK_HEADER = YES;
				CLANG_WARN_RANGE_LOOP_ANALYSIS = YES;
				CLANG_WARN_STRICT_PROTOTYPES = YES;
				CLANG_WARN_SUSPICIOUS_MOVE = YES;
				CLANG_WARN_UNGUARDED_AVAILABILITY = YES_AGGRESSIVE;
				CLANG_WARN_UNREACHABLE_CODE = YES;
				CLANG_WARN__DUPLICATE_METHOD_MATCH = YES;
				COPY_PHASE_STRIP = NO;
				DEBUG_INFORMATION_FORMAT = "dwarf-with-dsym";
				ENABLE_NS_ASSERTIONS = NO;
				ENABLE_STRICT_OBJC_MSGSEND = YES;
				GCC_C_LANGUAGE_STANDARD = gnu11;
				GCC_NO_COMMON_BLOCKS = YES;
				GCC_WARN_64_TO_32_BIT_CONVERSION = YES;
				GCC_WARN_ABOUT_RETURN_TYPE = YES_ERROR;
				GCC_WARN_UNDECLARED_SELECTOR = YES;
				GCC_WARN_UNINITIALIZED_AUTOS = YES_AGGRESSIVE;
				GCC_WARN_UNUSED_FUNCTION = YES;
				GCC_WARN_UNUSED_VARIABLE = YES;
				IPHONEOS_DEPLOYMENT_TARGET = 14.4;
				MTL_ENABLE_DEBUG_INFO = NO;
				MTL_FAST_MATH = YES;
				SDKROOT = iphoneos;
				SWIFT_COMPILATION_MODE = wholemodule;
				SWIFT_OPTIMIZATION_LEVEL = "-O";
				VALIDATE_PRODUCT = YES;
			};
			name = Release;
		};
		272C03D625F5C32900BDE77C /* Debug */ = {
			isa = XCBuildConfiguration;
			baseConfigurationReference = 137EFF4E5620C5E4BCA2300D /* Pods-HelloBoardy.debug.xcconfig */;
			buildSettings = {
				ASSETCATALOG_COMPILER_APPICON_NAME = AppIcon;
				ASSETCATALOG_COMPILER_GLOBAL_ACCENT_COLOR_NAME = AccentColor;
				CODE_SIGN_STYLE = Automatic;
				INFOPLIST_FILE = HelloBoardy/Info.plist;
				IPHONEOS_DEPLOYMENT_TARGET = 11.0;
				LD_RUNPATH_SEARCH_PATHS = (
					"$(inherited)",
					"@executable_path/Frameworks",
				);
				PRODUCT_BUNDLE_IDENTIFIER = com.HelloBoardy;
				PRODUCT_NAME = "$(TARGET_NAME)";
				SWIFT_VERSION = 5.0;
				TARGETED_DEVICE_FAMILY = "1,2";
			};
			name = Debug;
		};
		272C03D725F5C32900BDE77C /* Release */ = {
			isa = XCBuildConfiguration;
			baseConfigurationReference = 72D330BCC5CCAD4F0CF60095 /* Pods-HelloBoardy.release.xcconfig */;
			buildSettings = {
				ASSETCATALOG_COMPILER_APPICON_NAME = AppIcon;
				ASSETCATALOG_COMPILER_GLOBAL_ACCENT_COLOR_NAME = AccentColor;
				CODE_SIGN_STYLE = Automatic;
				INFOPLIST_FILE = HelloBoardy/Info.plist;
				IPHONEOS_DEPLOYMENT_TARGET = 11.0;
				LD_RUNPATH_SEARCH_PATHS = (
					"$(inherited)",
					"@executable_path/Frameworks",
				);
				PRODUCT_BUNDLE_IDENTIFIER = com.HelloBoardy;
				PRODUCT_NAME = "$(TARGET_NAME)";
				SWIFT_VERSION = 5.0;
				TARGETED_DEVICE_FAMILY = "1,2";
			};
			name = Release;
		};
/* End XCBuildConfiguration section */

/* Begin XCConfigurationList section */
		272C03BC25F5C32800BDE77C /* Build configuration list for PBXProject "HelloBoardy" */ = {
			isa = XCConfigurationList;
			buildConfigurations = (
				272C03D325F5C32900BDE77C /* Debug */,
				272C03D425F5C32900BDE77C /* Release */,
			);
			defaultConfigurationIsVisible = 0;
			defaultConfigurationName = Release;
		};
		272C03D525F5C32900BDE77C /* Build configuration list for PBXNativeTarget "HelloBoardy" */ = {
			isa = XCConfigurationList;
			buildConfigurations = (
				272C03D625F5C32900BDE77C /* Debug */,
				272C03D725F5C32900BDE77C /* Release */,
			);
			defaultConfigurationIsVisible = 0;
			defaultConfigurationName = Release;
		};
/* End XCConfigurationList section */
	};
	rootObject = 272C03B925F5C32800BDE77C /* Project object */;
}
