PODS:
  - Alamofire (5.4.4)
  - Boardy (1.34.1):
    - Boardy/Default (= 1.34.1)
  - Boardy/Attachable (1.34.1):
    - Boardy/Core
  - Boardy/ComponentKit (1.34.1):
    - Boardy/Core
  - Boardy/Core (1.34.1)
  - Boardy/Default (1.34.1):
    - Boardy/Attachable
    - Boardy/Core
  - Boardy/ModulePlugin (1.34.1):
    - Boardy/Core
  - GHSearch (0.1.0):
    - Alamofire
    - Boardy/ModulePlugin
    - GHSearchIO
    - SDWebImage
    - SiFUtilities
  - GHSearchIO (0.1.0):
    - Boardy
  - HelloAuth (0.1.0):
    - Boardy/ModulePlugin
    - HelloAuthIO
    - SiFUtilities
  - HelloAuthIO (0.1.0):
    - Boardy
  - Home (0.1.0):
    - Boardy/ModulePlugin
    - GHSearchIO
    - HelloAuthIO
    - HomeIO
    - SiFUtilities
  - HomeIO (0.1.0):
    - Boardy
  - SDWebImage (5.12.0):
    - SDWebImage/Core (= 5.12.0)
  - SDWebImage/Core (5.12.0)
  - SiFUtilities (4.24.1):
    - SiFUtilities/Default (= 4.24.1)
  - SiFUtilities/Boardy (4.24.1):
    - Boardy/ComponentKit
    - SiFUtilities/Loading
    - SiFUtilities/Show
  - SiFUtilities/Default (4.24.1):
    - SiFUtilities/Boardy
    - SiFUtilities/Endpoint
    - SiFUtilities/Foundation
    - SiFUtilities/Helpers
    - SiFUtilities/IBDesignable
    - SiFUtilities/KeyValue
    - SiFUtilities/Loading
    - SiFUtilities/Media
    - SiFUtilities/Nib
    - SiFUtilities/Runtime
    - SiFUtilities/Show
    - SiFUtilities/UIKit
    - SiFUtilities/WeakObject
  - SiFUtilities/Endpoint (4.24.1)
  - SiFUtilities/Foundation (4.24.1)
  - SiFUtilities/Helpers (4.24.1)
  - SiFUtilities/IBDesignable (4.24.1):
    - SiFUtilities/UIKit
  - SiFUtilities/KeyValue (4.24.1)
  - SiFUtilities/Loading (4.24.1)
  - SiFUtilities/Media (4.24.1)
  - SiFUtilities/Nib (4.24.1):
    - SiFUtilities/Foundation
  - SiFUtilities/Runtime (4.24.1)
  - SiFUtilities/Show (4.24.1):
    - SiFUtilities/UIKit
  - SiFUtilities/UIKit (4.24.1)
  - SiFUtilities/WeakObject (4.24.1)

DEPENDENCIES:
  - GHSearch (from `submodules/gh-search`)
  - GHSearchIO (from `submodules/gh-search`)
  - HelloAuth (from `submodules/hello-auth`)
  - HelloAuthIO (from `submodules/hello-auth`)
  - Home (from `submodules/home`)
  - HomeIO (from `submodules/home`)

SPEC REPOS:
  trunk:
    - Alamofire
    - Boardy
    - SDWebImage
    - SiFUtilities

EXTERNAL SOURCES:
  GHSearch:
    :path: submodules/gh-search
  GHSearchIO:
    :path: submodules/gh-search
  HelloAuth:
    :path: submodules/hello-auth
  HelloAuthIO:
    :path: submodules/hello-auth
  Home:
    :path: submodules/home
  HomeIO:
    :path: submodules/home

SPEC CHECKSUMS:
  Alamofire: f3b09a368f1582ab751b3fff5460276e0d2cf5c9
  Boardy: 44f637b3f3766cb2d02d3b7d1fca93af79224b90
  GHSearch: b582ba5cb18b1ce55554ca10ac83593b46681fa0
  GHSearchIO: 68f514b23f601cea6c8bc6913b39f954edceefc6
  HelloAuth: f3872bad0c12067fd5d13cb3659273db258e24de
  HelloAuthIO: 5cc0596d7449fa371884cab3238e13ae20832a09
  Home: 9c85a64155fcefe625ceb5895085240750d18b0c
  HomeIO: 1a058e51eccc46028423b9107deae7490221f368
  SDWebImage: 4ea20cca2986adc5aacde07aa686742fd4c67a37
  SiFUtilities: 09d85b1a144b3189ce1e4003c24e58a66ad4eec4

PODFILE CHECKSUM: 59b0c91b3fbcf5f3fffc5d966532f4beb0e4bf10

COCOAPODS: 1.11.2
