// !$*UTF8*$!
{
	archiveVersion = 1;
	classes = {
	};
	objectVersion = 50;
	objects = {

/* Begin PBXBuildFile section */
		272C03C525F5C32800BDE77C /* AppDelegate.swift in Sources */ = {isa = PBXBuildFile; fileRef = 272C03C425F5C32800BDE77C /* AppDelegate.swift */; };
		272C03C925F5C32800BDE77C /* ViewController.swift in Sources */ = {isa = PBXBuildFile; fileRef = 272C03C825F5C32800BDE77C /* ViewController.swift */; };
		272C03CC25F5C32800BDE77C /* Main.storyboard in Resources */ = {isa = PBXBuildFile; fileRef = 272C03CA25F5C32800BDE77C /* Main.storyboard */; };
		272C03CE25F5C32900BDE77C /* Assets.xcassets in Resources */ = {isa = PBXBuildFile; fileRef = 272C03CD25F5C32900BDE77C /* Assets.xcassets */; };
		272C03D125F5C32900BDE77C /* LaunchScreen.storyboard in Resources */ = {isa = PBXBuildFile; fileRef = 272C03CF25F5C32900BDE77C /* LaunchScreen.storyboard */; };
		534BE971B6D57BC7D3F28032 /* Pods_HelloBoardy.framework in Frameworks */ = {isa = PBXBuildFile; fileRef = 4999C192A3DD1068958FCF08 /* Pods_HelloBoardy.framework */; };
/* End PBXBuildFile section */

/* Begin PBXFileReference section */
		137EFF4E5620C5E4BCA2300D /* Pods-HelloBoardy.debug.xcconfig */ = {isa = PBXFileReference; includeInIndex = 1; lastKnownFileType = text.xcconfig; name = "Pods-HelloBoardy.debug.xcconfig"; path = "Target Support Files/Pods-HelloBoardy/Pods-HelloBoardy.debug.xcconfig"; sourceTree = "<group>"; };
		272C03C125F5C32800BDE77C /* HelloBoardy.app */ = {isa = PBXFileReference; explicitFileType = wrapper.application; includeInIndex = 0; path = HelloBoardy.app; sourceTree = BUILT_PRODUCTS_DIR; };
		272C03C425F5C32800BDE77C /* AppDelegate.swift */ = {isa = PBXFileReference; lastKnownFileType = sourcecode.swift; path = AppDelegate.swift; sourceTree = "<group>"; };
		272C03C825F5C32800BDE77C /* ViewController.swift */ = {isa = PBXFileReference; lastKnownFileType = sourcecode.swift; path = ViewController.swift; sourceTree = "<group>"; };
		272C03CB25F5C32800BDE77C /* Base */ = {isa = PBXFileReference; lastKnownFileType = file.storyboard; name = Base; path = Base.lproj/Main.storyboard; sourceTree = "<group>"; };
		272C03CD25F5C32900BDE77C /* Assets.xcassets */ = {isa = PBXFileReference; lastKnownFileType = folder.assetcatalog; path = Assets.xcassets; sourceTree = "<group>"; };
		272C03D025F5C32900BDE77C /* Base */ = {isa = PBXFileReference; lastKnownFileType = file.storyboard; name = Base; path = Base.lproj/LaunchScreen.storyboard; sourceTree = "<group>"; };
		272C03D225F5C32900BDE77C /* Info.plist */ = {isa = PBXFileReference; lastKnownFileType = text.plist.xml; path = Info.plist; sourceTree = "<group>"; };
		4999C192A3DD1068958FCF08 /* Pods_HelloBoardy.framework */ = {isa = PBXFileReference; explicitFileType = wrapper.framework; includeInIndex = 0; path = Pods_HelloBoardy.framework; sourceTree = BUILT_PRODUCTS_DIR; };
		72D330BCC5CCAD4F0CF60095 /* Pods-HelloBoardy.release.xcconfig */ = {isa = PBXFileReference; includeInIndex = 1; lastKnownFileType = text.xcconfig; name = "Pods-HelloBoardy.release.xcconfig"; path = "Target Support Files/Pods-HelloBoardy/Pods-HelloBoardy.release.xcconfig"; sourceTree = "<group>"; };
/* End PBXFileReference section */

/* Begin PBXFrameworksBuildPhase section */
		272C03BE25F5C32800BDE77C /* Frameworks */ = {
			isa = PBXFrameworksBuildPhase;
			buildActionMask = 2147483647;
			files = (
				534BE971B6D57BC7D3F28032 /* Pods_HelloBoardy.framework in Frameworks */,
			);
			runOnlyForDeploymentPostprocessing = 0;
		};
/* End PBXFrameworksBuildPhase section */

/* Begin PBXGroup section */
		272C03B825F5C32800BDE77C = {
			isa = PBXGroup;
			children = (
				272C03C325F5C32800BDE77C /* HelloBoardy */,
				272C03C225F5C32800BDE77C /* Products */,
				6D88754D32831DABC971BB74 /* Pods */,
				A00D0DE576BF7EEC164EEC74 /* Frameworks */,
			);
			sourceTree = "<group>";
		};
		272C03C225F5C32800BDE77C /* Products */ = {
			isa = PBXGroup;
			children = (
				272C03C125F5C32800BDE77C /* HelloBoardy.app */,
			);
			name = Products;
			sourceTree = "<group>";
		};
		272C03C325F5C32800BDE77C /* HelloBoardy */ = {
			isa = PBXGroup;
			children = (
				272C03C425F5C32800BDE77C /* AppDelegate.swift */,
				272C03C825F5C32800BDE77C /* ViewController.swift */,
				272C03CA25F5C32800BDE77C /* Main.storyboard */,
				272C03CD25F5C32900BDE77C /* Assets.xcassets */,
				272C03CF25F5C32900BDE77C /* LaunchScreen.storyboard */,
				272C03D225F5C32900BDE77C /* Info.plist */,
			);
			path = HelloBoardy;
			sourceTree = "<group>";
		};
		6D88754D32831DABC971BB74 /* Pods */ = {
			isa = PBXGroup;
			children = (
				137EFF4E5620C5E4BCA2300D /* Pods-HelloBoardy.debug.xcconfig */,
				72D330BCC5CCAD4F0CF60095 /* Pods-HelloBoardy.release.xcconfig */,
			);
			name = Pods;
			path = Pods;
			sourceTree = "<group>";
		};
		A00D0DE576BF7EEC164EEC74 /* Frameworks */ = {
			isa = PBXGroup;
			children = (
				4999C192A3DD1068958FCF08 /* Pods_HelloBoardy.framework */,
			);
			name = Frameworks;
			sourceTree = "<group>";
		};
/* End PBXGroup section */

/* Begin PBXNativeTarget section */
		272C03C025F5C32800BDE77C /* HelloBoardy */ = {
			isa = PBXNativeTarget;
			buildConfigurationList = 272C03D525F5C32900BDE77C /* Build configuration list for PBXNativeTarget "HelloBoardy" */;
			buildPhases = (
				F34D0C2800682264EF4F495F /* [CP] Check Pods Manifest.lock */,
				272C03BD25F5C32800BDE77C /* Sources */,
				272C03BE25F5C32800BDE77C /* Frameworks */,
				272C03BF25F5C32800BDE77C /* Resources */,
				63AC2E1B2A648E8088D20890 /* [CP] Embed Pods Frameworks */,
			);
			buildRules = (
			);
			dependencies = (
			);
			name = HelloBoardy;
			productName = HelloBoardy;
			productReference = 272C03C125F5C32800BDE77C /* HelloBoardy.app */;
			productType = "com.apple.product-type.application";
		};
/* End PBXNativeTarget section */

/* Begin PBXProject section */
		272C03B925F5C32800BDE77C /* Project object */ = {
			isa = PBXProject;
			attributes = {
				LastSwiftUpdateCheck = 1240;
				LastUpgradeCheck = 1240;
				TargetAttributes = {
					272C03C025F5C32800BDE77C = {
						CreatedOnToolsVersion = 12.4;
					};
				};
			};
			buildConfigurationList = 272C03BC25F5C32800BDE77C /* Build configuration list for PBXProject "HelloBoardy" */;
			compatibilityVersion = "Xcode 9.3";
			developmentRegion = en;
			hasScannedForEncodings = 0;
			knownRegions = (
				en,
				Base,
			);
			mainGroup = 272C03B825F5C32800BDE77C;
			productRefGroup = 272C03C225F5C32800BDE77C /* Products */;
			projectDirPath = "";
			projectRoot = "";
			targets = (
				272C03C025F5C32800BDE77C /* HelloBoardy */,
			);
		};
/* End PBXProject section */

/* Begin PBXResourcesBuildPhase section */
		272C03BF25F5C32800BDE77C /* Resources */ = {
			isa = PBXResourcesBuildPhase;
			buildActionMask = 2147483647;
			files = (
				272C03D125F5C32900BDE77C /* LaunchScreen.storyboard in Resources */,
				272C03CE25F5C32900BDE77C /* Assets.xcassets in Resources */,
				272C03CC25F5C32800BDE77C /* Main.storyboard in Resources */,
			);
			runOnlyForDeploymentPostprocessing = 0;
		};
/* End PBXResourcesBuildPhase section */

/* Begin PBXShellScriptBuildPhase section */
		63AC2E1B2A648E8088D20890 /* [CP] Embed Pods Frameworks */ = {
			isa = PBXShellScriptBuildPhase;
			buildActionMask = 2147483647;
			files = (
			);
			inputFileListPaths = (
				"${PODS_ROOT}/Target Support Files/Pods-HelloBoardy/Pods-HelloBoardy-frameworks-${CONFIGURATION}-input-files.xcfilelist",
			);
			name = "[CP] Embed Pods Frameworks";
			outputFileListPaths = (
				"${PODS_ROOT}/Target Support Files/Pods-HelloBoardy/Pods-HelloBoardy-frameworks-${CONFIGURATION}-output-files.xcfilelist",
			);
			runOnlyForDeploymentPostprocessing = 0;
			shellPath = /bin/sh;
			shellScript = "\"${PODS_ROOT}/Target Support Files/Pods-HelloBoardy/Pods-HelloBoardy-frameworks.sh\"\n";
			showEnvVarsInLog = 0;
		};
		F34D0C2800682264EF4F495F /* [CP] Check Pods Manifest.lock */ = {
			isa = PBXShellScriptBuildPhase;
			buildActionMask = 2147483647;
			files = (
			);
			inputFileListPaths = (
			);
			inputPaths = (
				"${PODS_PODFILE_DIR_PATH}/Podfile.lock",
				"${PODS_ROOT}/Manifest.lock",
			);
			name = "[CP] Check Pods Manifest.lock";
			outputFileListPaths = (
			);
			outputPaths = (
				"$(DERIVED_FILE_DIR)/Pods-HelloBoardy-checkManifestLockResult.txt",
			);
			runOnlyForDeploymentPostprocessing = 0;
			shellPath = /bin/sh;
			shellScript = "diff \"${PODS_PODFILE_DIR_PATH}/Podfile.lock\" \"${PODS_ROOT}/Manifest.lock\" > /dev/null\nif [ $? != 0 ] ; then\n    # print error to STDERR\n    echo \"error: The sandbox is not in sync with the Podfile.lock. Run 'pod install' or update your CocoaPods installation.\" >&2\n    exit 1\nfi\n# This output is used by Xcode 'outputs' to avoid re-running this script phase.\necho \"SUCCESS\" > \"${SCRIPT_OUTPUT_FILE_0}\"\n";
			showEnvVarsInLog = 0;
		};
/* End PBXShellScriptBuildPhase section */

/* Begin PBXSourcesBuildPhase section */
		272C03BD25F5C32800BDE77C /* Sources */ = {
			isa = PBXSourcesBuildPhase;
			buildActionMask = 2147483647;
			files = (
				272C03C925F5C32800BDE77C /* ViewController.swift in Sources */,
				272C03C525F5C32800BDE77C /* AppDelegate.swift in Sources */,
			);
			runOnlyForDeploymentPostprocessing = 0;
		};
/* End PBXSourcesBuildPhase section */

/* Begin PBXVariantGroup section */
		272C03CA25F5C32800BDE77C /* Main.storyboard */ = {
			isa = PBXVariantGroup;
			children = (
				272C03CB25F5C32800BDE77C /* Base */,
			);
			name = Main.storyboard;
			sourceTree = "<group>";
		};
		272C03CF25F5C32900BDE77C /* LaunchScreen.storyboard */ = {
			isa = PBXVariantGroup;
			children = (
				272C03D025F5C32900BDE77C /* Base */,
			);
			name = LaunchScreen.storyboard;
			sourceTree = "<group>";
		};
/* End PBXVariantGroup section */

/* Begin XCBuildConfiguration section */
		272C03D325F5C32900BDE77C /* Debug */ = {
			isa = XCBuildConfiguration;
			buildSettings = {
				ALWAYS_SEARCH_USER_PATHS = NO;
				CLANG_ANALYZER_NONNULL = YES;
				CLANG_ANALYZER_NUMBER_OBJECT_CONVERSION = YES_AGGRESSIVE;
				CLANG_CXX_LANGUAGE_STANDARD = "gnu++14";
				CLANG_CXX_LIBRARY = "libc++";
				CLANG_ENABLE_MODULES = YES;
				CLANG_ENABLE_OBJC_ARC = YES;
				CLANG_ENABLE_OBJC_WEAK = YES;
				CLANG_WARN_BLOCK_CAPTURE_AUTORELEASING = YES;
				CLANG_WARN_BOOL_CONVERSION = YES;
				CLANG_WARN_COMMA = YES;
				CLANG_WARN_CONSTANT_CONVERSION = YES;
				CLANG_WARN_DEPRECATED_OBJC_IMPLEMENTATIONS = YES;
				CLANG_WARN_DIRECT_OBJC_ISA_USAGE = YES_ERROR;
				CLANG_WARN_DOCUMENTATION_COMMENTS = YES;
				CLANG_WARN_EMPTY_BODY = YES;
				CLANG_WARN_ENUM_CONVERSION = YES;
				CLANG_WARN_INFINITE_RECURSION = YES;
				CLANG_WARN_INT_CONVERSION = YES;
				CLANG_WARN_NON_LITERAL_NULL_CONVERSION = YES;
				CLANG_WARN_OBJC_IMPLICIT_RETAIN_SELF = YES;
				CLANG_WARN_OBJC_LITERAL_CONVERSION = YES;
				CLANG_WARN_OBJC_ROOT_CLASS = YES_ERROR;
				CLANG_WARN_QUOTED_INCLUDE_IN_FRAMEWORK_HEADER = YES;
				CLANG_WARN_RANGE_LOOP_ANALYSIS = YES;
				CLANG_WARN_STRICT_PROTOTYPES = YES;
				CLANG_WARN_SUSPICIOUS_MOVE = YES;
				CLANG_WARN_UNGUARDED_AVAILABILITY = YES_AGGRESSIVE;
				CLANG_WARN_UNREACHABLE_CODE = YES;
				CLANG_WARN__DUPLICATE_METHOD_MATCH = YES;
				COPY_PHASE_STRIP = NO;
				DEBUG_INFORMATION_FORMAT = dwarf;
				ENABLE_STRICT_OBJC_MSGSEND = YES;
				ENABLE_TESTABILITY = YES;
				GCC_C_LANGUAGE_STANDARD = gnu11;
				GCC_DYNAMIC_NO_PIC = NO;
				GCC_NO_COMMON_BLOCKS = YES;
				GCC_OPTIMIZATION_LEVEL = 0;
				GCC_PREPROCESSOR_DEFINITIONS = (
					"DEBUG=1",
					"$(inherited)",
				);
				GCC_WARN_64_TO_32_BIT_CONVERSION = YES;
				GCC_WARN_ABOUT_RETURN_TYPE = YES_ERROR;
				GCC_WARN_UNDECLARED_SELECTOR = YES;
				GCC_WARN_UNINITIALIZED_AUTOS = YES_AGGRESSIVE;
				GCC_WARN_UNUSED_FUNCTION = YES;
				GCC_WARN_UNUSED_VARIABLE = YES;
				IPHONEOS_DEPLOYMENT_TARGET = 14.4;
				MTL_ENABLE_DEBUG_INFO = INCLUDE_SOURCE;
				MTL_FAST_MATH = YES;
				ONLY_ACTIVE_ARCH = YES;
				SDKROOT = iphoneos;
				SWIFT_ACTIVE_COMPILATION_CONDITIONS = DEBUG;
				SWIFT_OPTIMIZATION_LEVEL = "-Onone";
			};
			name = Debug;
		};
		272C03D425F5C32900BDE77C /* Release */ = {
			isa = XCBuildConfiguration;
			buildSettings = {
				ALWAYS_SEARCH_USER_PATHS = NO;
				CLANG_ANALYZER_NONNULL = YES;
				CLANG_ANALYZER_NUMBER_OBJECT_CONVERSION = YES_AGGRESSIVE;
				CLANG_CXX_LANGUAGE_STANDARD = "gnu++14";
				CLANG_CXX_LIBRARY = "libc++";
				CLANG_ENABLE_MODULES = YES;
				CLANG_ENABLE_OBJC_ARC = YES;
				CLANG_ENABLE_OBJC_WEAK = YES;
				CLANG_WARN_BLOCK_CAPTURE_AUTORELEASING = YES;
				CLANG_WARN_BOOL_CONVERSION = YES;
				CLANG_WARN_COMMA = YES;
				CLANG_WARN_CONSTANT_CONVERSION = YES;
				CLANG_WARN_DEPRECATED_OBJC_IMPLEMENTATIONS = YES;
				CLANG_WARN_DIRECT_OBJC_ISA_USAGE = YES_ERROR;
				CLANG_WARN_DOCUMENTATION_COMMENTS = YES;
				CLANG_WARN_EMPTY_BODY = YES;
				CLANG_WARN_ENUM_CONVERSION = YES;
				CLANG_WARN_INFINITE_RECURSION = YES;
				CLANG_WARN_INT_CONVERSION = YES;
				CLANG_WARN_NON_LITERAL_NULL_CONVERSION = YES;
				CLANG_WARN_OBJC_IMPLICIT_RETAIN_SELF = YES;
				CLANG_WARN_OBJC_LITERAL_CONVERSION = YES;
				CLANG_WARN_OBJC_ROOT_CLASS = YES_ERROR;
				CLANG_WARN_QUOTED_INCLUDE_IN_FRAMEWORK_HEADER = YES;
				CLANG_WARN_RANGE_LOOP_ANALYSIS = YES;
				CLANG_WARN_STRICT_PROTOTYPES = YES;
				CLANG_WARN_SUSPICIOUS_MOVE = YES;
				CLANG_WARN_UNGUARDED_AVAILABILITY = YES_AGGRESSIVE;
				CLANG_WARN_UNREACHABLE_CODE = YES;
				CLANG_WARN__DUPLICATE_METHOD_MATCH = YES;
				COPY_PHASE_STRIP = NO;
				DEBUG_INFORMATION_FORMAT = "dwarf-with-dsym";
				ENABLE_NS_ASSERTIONS = NO;
				ENABLE_STRICT_OBJC_MSGSEND = YES;
				GCC_C_LANGUAGE_STANDARD = gnu11;
				GCC_NO_COMMON_BLOCKS = YES;
				GCC_WARN_64_TO_32_BIT_CONVERSION = YES;
				GCC_WARN_ABOUT_RETURN_TYPE = YES_ERROR;
				GCC_WARN_UNDECLARED_SELECTOR = YES;
				GCC_WARN_UNINITIALIZED_AUTOS = YES_AGGRESSIVE;
				GCC_WARN_UNUSED_FUNCTION = YES;
				GCC_WARN_UNUSED_VARIABLE = YES;
				IPHONEOS_DEPLOYMENT_TARGET = 14.4;
				MTL_ENABLE_DEBUG_INFO = NO;
				MTL_FAST_MATH = YES;
				SDKROOT = iphoneos;
				SWIFT_COMPILATION_MODE = wholemodule;
				SWIFT_OPTIMIZATION_LEVEL = "-O";
				VALIDATE_PRODUCT = YES;
			};
			name = Release;
		};
		272C03D625F5C32900BDE77C /* Debug */ = {
			isa = XCBuildConfiguration;
			baseConfigurationReference = 137EFF4E5620C5E4BCA2300D /* Pods-HelloBoardy.debug.xcconfig */;
			buildSettings = {
				ASSETCATALOG_COMPILER_APPICON_NAME = AppIcon;
				ASSETCATALOG_COMPILER_GLOBAL_ACCENT_COLOR_NAME = AccentColor;
				CODE_SIGN_STYLE = Automatic;
				INFOPLIST_FILE = HelloBoardy/Info.plist;
				IPHONEOS_DEPLOYMENT_TARGET = 11.0;
				LD_RUNPATH_SEARCH_PATHS = (
					"$(inherited)",
					"@executable_path/Frameworks",
				);
				PRODUCT_BUNDLE_IDENTIFIER = com.HelloBoardy;
				PRODUCT_NAME = "$(TARGET_NAME)";
				SWIFT_VERSION = 5.0;
				TARGETED_DEVICE_FAMILY = "1,2";
			};
			name = Debug;
		};
		272C03D725F5C32900BDE77C /* Release */ = {
			isa = XCBuildConfiguration;
			baseConfigurationReference = 72D330BCC5CCAD4F0CF60095 /* Pods-HelloBoardy.release.xcconfig */;
			buildSettings = {
				ASSETCATALOG_COMPILER_APPICON_NAME = AppIcon;
				ASSETCATALOG_COMPILER_GLOBAL_ACCENT_COLOR_NAME = AccentColor;
				CODE_SIGN_STYLE = Automatic;
				INFOPLIST_FILE = HelloBoardy/Info.plist;
				IPHONEOS_DEPLOYMENT_TARGET = 11.0;
				LD_RUNPATH_SEARCH_PATHS = (
					"$(inherited)",
					"@executable_path/Frameworks",
				);
				PRODUCT_BUNDLE_IDENTIFIER = com.HelloBoardy;
				PRODUCT_NAME = "$(TARGET_NAME)";
				SWIFT_VERSION = 5.0;
				TARGETED_DEVICE_FAMILY = "1,2";
			};
			name = Release;
		};
/* End XCBuildConfiguration section */

/* Begin XCConfigurationList section */
		272C03BC25F5C32800BDE77C /* Build configuration list for PBXProject "HelloBoardy" */ = {
			isa = XCConfigurationList;
			buildConfigurations = (
				272C03D325F5C32900BDE77C /* Debug */,
				272C03D425F5C32900BDE77C /* Release */,
			);
			defaultConfigurationIsVisible = 0;
			defaultConfigurationName = Release;
		};
		272C03D525F5C32900BDE77C /* Build configuration list for PBXNativeTarget "HelloBoardy" */ = {
			isa = XCConfigurationList;
			buildConfigurations = (
				272C03D625F5C32900BDE77C /* Debug */,
				272C03D725F5C32900BDE77C /* Release */,
			);
			defaultConfigurationIsVisible = 0;
			defaultConfigurationName = Release;
		};
/* End XCConfigurationList section */
	};
	rootObject = 272C03B925F5C32800BDE77C /* Project object */;
}
